
Microsoft Visual Studio Solution File, Format Version 11.00
# Visual Studio 2010
Project("{FAE04EC0-301F-11D3-BF4B-00C04F79EFBC}") = "FrogBlogger.Web", "FrogBlogger.Web\FrogBlogger.Web.csproj", "{CAFC4549-7F4C-46AF-96F4-A4E3A5461F26}"
EndProject
Project("{FAE04EC0-301F-11D3-BF4B-00C04F79EFBC}") = "FrogBlogger.Dal", "FrogBlogger.Dal\FrogBlogger.Dal.csproj", "{AF461E63-9283-443C-9D49-5726B7F89079}"
EndProject
Project("{2150E333-8FDC-42A3-9474-1A3956D46DE8}") = "References", "References", "{3F69406C-4693-4ECD-8A2F-6B93D7B4CD11}"
EndProject
Project("{2150E333-8FDC-42A3-9474-1A3956D46DE8}") = "Solution Items", "Solution Items", "{090ADADE-98C6-498D-8D0D-5A0CC0E0B9A7}"
	ProjectSection(SolutionItems) = preProject
		CustomDictionary.xml = CustomDictionary.xml
		FrogBlogger.vsmdi = FrogBlogger.vsmdi
		LICENSE.txt = LICENSE.txt
		Local.testsettings = Local.testsettings
		TraceAndTestImpact.testsettings = TraceAndTestImpact.testsettings
	EndProjectSection
EndProject
Project("{2150E333-8FDC-42A3-9474-1A3956D46DE8}") = "Database", "Database", "{E19205E9-66B1-4CD1-9BD9-A63B27B62279}"
	ProjectSection(SolutionItems) = preProject
		Database\CreateDatabase.sql = Database\CreateDatabase.sql
		Database\CreateDatabaseWithTestData.sql = Database\CreateDatabaseWithTestData.sql
	EndProjectSection
EndProject
Project("{FAE04EC0-301F-11D3-BF4B-00C04F79EFBC}") = "FrogBlogger.Test", "FrogBlogger.Test\FrogBlogger.Test.csproj", "{8D56E9E9-E98D-4D52-A8C1-5BE550A4F1DD}"
EndProject
Global
	GlobalSection(TestCaseManagementSettings) = postSolution
		CategoryFile = FrogBlogger.vsmdi
	EndGlobalSection
	GlobalSection(SolutionConfigurationPlatforms) = preSolution
		Debug|Any CPU = Debug|Any CPU
		Debug|Mixed Platforms = Debug|Mixed Platforms
		Debug|x86 = Debug|x86
		Release|Any CPU = Release|Any CPU
		Release|Mixed Platforms = Release|Mixed Platforms
		Release|x86 = Release|x86
	EndGlobalSection
	GlobalSection(ProjectConfigurationPlatforms) = postSolution
		{CAFC4549-7F4C-46AF-96F4-A4E3A5461F26}.Debug|Any CPU.ActiveCfg = Debug|Any CPU
		{CAFC4549-7F4C-46AF-96F4-A4E3A5461F26}.Debug|Any CPU.Build.0 = Debug|Any CPU
		{CAFC4549-7F4C-46AF-96F4-A4E3A5461F26}.Debug|Mixed Platforms.ActiveCfg = Debug|Any CPU
		{CAFC4549-7F4C-46AF-96F4-A4E3A5461F26}.Debug|Mixed Platforms.Build.0 = Debug|Any CPU
		{CAFC4549-7F4C-46AF-96F4-A4E3A5461F26}.Debug|x86.ActiveCfg = Debug|Any CPU
		{CAFC4549-7F4C-46AF-96F4-A4E3A5461F26}.Release|Any CPU.ActiveCfg = Release|Any CPU
		{CAFC4549-7F4C-46AF-96F4-A4E3A5461F26}.Release|Any CPU.Build.0 = Release|Any CPU
		{CAFC4549-7F4C-46AF-96F4-A4E3A5461F26}.Release|Mixed Platforms.ActiveCfg = Release|Any CPU
		{CAFC4549-7F4C-46AF-96F4-A4E3A5461F26}.Release|Mixed Platforms.Build.0 = Release|Any CPU
		{CAFC4549-7F4C-46AF-96F4-A4E3A5461F26}.Release|x86.ActiveCfg = Release|Any CPU
		{AF461E63-9283-443C-9D49-5726B7F89079}.Debug|Any CPU.ActiveCfg = Debug|Any CPU
		{AF461E63-9283-443C-9D49-5726B7F89079}.Debug|Any CPU.Build.0 = Debug|Any CPU
		{AF461E63-9283-443C-9D49-5726B7F89079}.Debug|Mixed Platforms.ActiveCfg = Debug|Any CPU
		{AF461E63-9283-443C-9D49-5726B7F89079}.Debug|Mixed Platforms.Build.0 = Debug|Any CPU
		{AF461E63-9283-443C-9D49-5726B7F89079}.Debug|x86.ActiveCfg = Debug|Any CPU
		{AF461E63-9283-443C-9D49-5726B7F89079}.Release|Any CPU.ActiveCfg = Release|Any CPU
		{AF461E63-9283-443C-9D49-5726B7F89079}.Release|Any CPU.Build.0 = Release|Any CPU
		{AF461E63-9283-443C-9D49-5726B7F89079}.Release|Mixed Platforms.ActiveCfg = Release|Any CPU
		{AF461E63-9283-443C-9D49-5726B7F89079}.Release|Mixed Platforms.Build.0 = Release|Any CPU
		{AF461E63-9283-443C-9D49-5726B7F89079}.Release|x86.ActiveCfg = Release|Any CPU
		{8D56E9E9-E98D-4D52-A8C1-5BE550A4F1DD}.Debug|Any CPU.ActiveCfg = Debug|Any CPU
		{8D56E9E9-E98D-4D52-A8C1-5BE550A4F1DD}.Debug|Any CPU.Build.0 = Debug|Any CPU
		{8D56E9E9-E98D-4D52-A8C1-5BE550A4F1DD}.Debug|Mixed Platforms.ActiveCfg = Debug|Any CPU
		{8D56E9E9-E98D-4D52-A8C1-5BE550A4F1DD}.Debug|Mixed Platforms.Build.0 = Debug|Any CPU
		{8D56E9E9-E98D-4D52-A8C1-5BE550A4F1DD}.Debug|x86.ActiveCfg = Debug|Any CPU
		{8D56E9E9-E98D-4D52-A8C1-5BE550A4F1DD}.Release|Any CPU.ActiveCfg = Release|Any CPU
		{8D56E9E9-E98D-4D52-A8C1-5BE550A4F1DD}.Release|Any CPU.Build.0 = Release|Any CPU
		{8D56E9E9-E98D-4D52-A8C1-5BE550A4F1DD}.Release|Mixed Platforms.ActiveCfg = Release|Any CPU
		{8D56E9E9-E98D-4D52-A8C1-5BE550A4F1DD}.Release|Mixed Platforms.Build.0 = Release|Any CPU
		{8D56E9E9-E98D-4D52-A8C1-5BE550A4F1DD}.Release|x86.ActiveCfg = Release|Any CPU
	EndGlobalSection
	GlobalSection(SolutionProperties) = preSolution
		HideSolutionNode = FALSE
	EndGlobalSection
EndGlobal
